
Microsoft Visual Studio Solution File, Format Version 12.00
# Visual Studio 15
VisualStudioVersion = 15.0.28010.2003
MinimumVisualStudioVersion = 10.0.40219.1
Project("{FAE04EC0-301F-11D3-BF4B-00C04F79EFBC}") = "P01_1. Diagonal Difference", "P01_1. Diagonal Difference\P01_1. Diagonal Difference.csproj", "{B684A179-C9B2-465B-87C3-0B0B69F7A8A7}"
EndProject
Global
	GlobalSection(SolutionConfigurationPlatforms) = preSolution
		Debug|Any CPU = Debug|Any CPU
		Release|Any CPU = Release|Any CPU
	EndGlobalSection
	GlobalSection(ProjectConfigurationPlatforms) = postSolution
		{B684A179-C9B2-465B-87C3-0B0B69F7A8A7}.Debug|Any CPU.ActiveCfg = Debug|Any CPU
		{B684A179-C9B2-465B-87C3-0B0B69F7A8A7}.Debug|Any CPU.Build.0 = Debug|Any CPU
		{B684A179-C9B2-465B-87C3-0B0B69F7A8A7}.Release|Any CPU.ActiveCfg = Release|Any CPU
		{B684A179-C9B2-465B-87C3-0B0B69F7A8A7}.Release|Any CPU.Build.0 = Release|Any CPU
	EndGlobalSection
	GlobalSection(SolutionProperties) = preSolution
		HideSolutionNode = FALSE
	EndGlobalSection
	GlobalSection(ExtensibilityGlobals) = postSolution
		SolutionGuid = {ABF98DA7-45D6-40BD-896F-3FE68AD78A11}
	EndGlobalSection
EndGlobal
